
Microsoft Visual Studio Solution File, Format Version 12.00
# Visual Studio 15
VisualStudioVersion = 15.0.28307.572
MinimumVisualStudioVersion = 10.0.40219.1
Project("{FAE04EC0-301F-11D3-BF4B-00C04F79EFBC}") = "WebApplication3", "WebApplication3\WebApplication3.csproj", "{129BDEC6-8FD3-4047-982F-530D4CEBD374}"
EndProject
Project("{FAE04EC0-301F-11D3-BF4B-00C04F79EFBC}") = "DAL", "DAL\DAL.csproj", "{156639D4-927B-4DF1-806C-6C614E088A9E}"
EndProject
Global
	GlobalSection(SolutionConfigurationPlatforms) = preSolution
		Debug|Any CPU = Debug|Any CPU
		Release|Any CPU = Release|Any CPU
	EndGlobalSection
	GlobalSection(ProjectConfigurationPlatforms) = postSolution
		{129BDEC6-8FD3-4047-982F-530D4CEBD374}.Debug|Any CPU.ActiveCfg = Debug|Any CPU
		{129BDEC6-8FD3-4047-982F-530D4CEBD374}.Debug|Any CPU.Build.0 = Debug|Any CPU
		{129BDEC6-8FD3-4047-982F-530D4CEBD374}.Release|Any CPU.ActiveCfg = Release|Any CPU
		{129BDEC6-8FD3-4047-982F-530D4CEBD374}.Release|Any CPU.Build.0 = Release|Any CPU
		{156639D4-927B-4DF1-806C-6C614E088A9E}.Debug|Any CPU.ActiveCfg = Debug|Any CPU
		{156639D4-927B-4DF1-806C-6C614E088A9E}.Debug|Any CPU.Build.0 = Debug|Any CPU
		{156639D4-927B-4DF1-806C-6C614E088A9E}.Release|Any CPU.ActiveCfg = Release|Any CPU
		{156639D4-927B-4DF1-806C-6C614E088A9E}.Release|Any CPU.Build.0 = Release|Any CPU
	EndGlobalSection
	GlobalSection(SolutionProperties) = preSolution
		HideSolutionNode = FALSE
	EndGlobalSection
	GlobalSection(ExtensibilityGlobals) = postSolution
		SolutionGuid = {96C4F1E6-5ACE-46D1-89A7-9A31D3643743}
	EndGlobalSection
EndGlobal
